// !$*UTF8*$!
{
	archiveVersion = 1;
	classes = {
	};
	objectVersion = 46;
	objects = {

/* Begin PBXBuildFile section */
		064CE1811A91A48200BFA035 /* AppDelegate.swift in Sources */ = {isa = PBXBuildFile; fileRef = 064CE1801A91A48200BFA035 /* AppDelegate.swift */; };
		064CE1831A91A48200BFA035 /* ViewController.swift in Sources */ = {isa = PBXBuildFile; fileRef = 064CE1821A91A48200BFA035 /* ViewController.swift */; };
		064CE1861A91A48200BFA035 /* Main.storyboard in Resources */ = {isa = PBXBuildFile; fileRef = 064CE1841A91A48200BFA035 /* Main.storyboard */; };
		064CE1881A91A48200BFA035 /* Images.xcassets in Resources */ = {isa = PBXBuildFile; fileRef = 064CE1871A91A48200BFA035 /* Images.xcassets */; };
		064CE18B1A91A48200BFA035 /* LaunchScreen.xib in Resources */ = {isa = PBXBuildFile; fileRef = 064CE1891A91A48200BFA035 /* LaunchScreen.xib */; };
		064CE1971A91A48200BFA035 /* voipTests.swift in Sources */ = {isa = PBXBuildFile; fileRef = 064CE1961A91A48200BFA035 /* voipTests.swift */; };
/* End PBXBuildFile section */

/* Begin PBXContainerItemProxy section */
		064CE1911A91A48200BFA035 /* PBXContainerItemProxy */ = {
			isa = PBXContainerItemProxy;
			containerPortal = 064CE1731A91A48100BFA035 /* Project object */;
			proxyType = 1;
			remoteGlobalIDString = 064CE17A1A91A48200BFA035;
			remoteInfo = voip;
		};
/* End PBXContainerItemProxy section */

/* Begin PBXFileReference section */
		064CE17B1A91A48200BFA035 /* voip.app */ = {isa = PBXFileReference; explicitFileType = wrapper.application; includeInIndex = 0; path = voip.app; sourceTree = BUILT_PRODUCTS_DIR; };
		064CE17F1A91A48200BFA035 /* Info.plist */ = {isa = PBXFileReference; lastKnownFileType = text.plist.xml; path = Info.plist; sourceTree = "<group>"; };
		064CE1801A91A48200BFA035 /* AppDelegate.swift */ = {isa = PBXFileReference; lastKnownFileType = sourcecode.swift; path = AppDelegate.swift; sourceTree = "<group>"; };
		064CE1821A91A48200BFA035 /* ViewController.swift */ = {isa = PBXFileReference; lastKnownFileType = sourcecode.swift; path = ViewController.swift; sourceTree = "<group>"; };
		064CE1851A91A48200BFA035 /* Base */ = {isa = PBXFileReference; lastKnownFileType = file.storyboard; name = Base; path = Base.lproj/Main.storyboard; sourceTree = "<group>"; };
		064CE1871A91A48200BFA035 /* Images.xcassets */ = {isa = PBXFileReference; lastKnownFileType = folder.assetcatalog; path = Images.xcassets; sourceTree = "<group>"; };
		064CE18A1A91A48200BFA035 /* Base */ = {isa = PBXFileReference; lastKnownFileType = file.xib; name = Base; path = Base.lproj/LaunchScreen.xib; sourceTree = "<group>"; };
		064CE1901A91A48200BFA035 /* voipTests.xctest */ = {isa = PBXFileReference; explicitFileType = wrapper.cfbundle; includeInIndex = 0; path = voipTests.xctest; sourceTree = BUILT_PRODUCTS_DIR; };
		064CE1951A91A48200BFA035 /* Info.plist */ = {isa = PBXFileReference; lastKnownFileType = text.plist.xml; path = Info.plist; sourceTree = "<group>"; };
		064CE1961A91A48200BFA035 /* voipTests.swift */ = {isa = PBXFileReference; lastKnownFileType = sourcecode.swift; path = voipTests.swift; sourceTree = "<group>"; };
/* End PBXFileReference section */

/* Begin PBXFrameworksBuildPhase section */
		064CE1781A91A48200BFA035 /* Frameworks */ = {
			isa = PBXFrameworksBuildPhase;
			buildActionMask = 2147483647;
			files = (
			);
			runOnlyForDeploymentPostprocessing = 0;
		};
		064CE18D1A91A48200BFA035 /* Frameworks */ = {
			isa = PBXFrameworksBuildPhase;
			buildActionMask = 2147483647;
			files = (
			);
			runOnlyForDeploymentPostprocessing = 0;
		};
/* End PBXFrameworksBuildPhase section */

/* Begin PBXGroup section */
		064CE1721A91A48100BFA035 = {
			isa = PBXGroup;
			children = (
				064CE17D1A91A48200BFA035 /* voip */,
				064CE1931A91A48200BFA035 /* voipTests */,
				064CE17C1A91A48200BFA035 /* Products */,
			);
			sourceTree = "<group>";
		};
		064CE17C1A91A48200BFA035 /* Products */ = {
			isa = PBXGroup;
			children = (
				064CE17B1A91A48200BFA035 /* voip.app */,
				064CE1901A91A48200BFA035 /* voipTests.xctest */,
			);
			name = Products;
			sourceTree = "<group>";
		};
		064CE17D1A91A48200BFA035 /* voip */ = {
			isa = PBXGroup;
			children = (
				064CE1801A91A48200BFA035 /* AppDelegate.swift */,
				064CE1821A91A48200BFA035 /* ViewController.swift */,
				064CE1841A91A48200BFA035 /* Main.storyboard */,
				064CE1871A91A48200BFA035 /* Images.xcassets */,
				064CE1891A91A48200BFA035 /* LaunchScreen.xib */,
				064CE17E1A91A48200BFA035 /* Supporting Files */,
			);
			path = voip;
			sourceTree = "<group>";
		};
		064CE17E1A91A48200BFA035 /* Supporting Files */ = {
			isa = PBXGroup;
			children = (
				064CE17F1A91A48200BFA035 /* Info.plist */,
			);
			name = "Supporting Files";
			sourceTree = "<group>";
		};
		064CE1931A91A48200BFA035 /* voipTests */ = {
			isa = PBXGroup;
			children = (
				064CE1961A91A48200BFA035 /* voipTests.swift */,
				064CE1941A91A48200BFA035 /* Supporting Files */,
			);
			path = voipTests;
			sourceTree = "<group>";
		};
		064CE1941A91A48200BFA035 /* Supporting Files */ = {
			isa = PBXGroup;
			children = (
				064CE1951A91A48200BFA035 /* Info.plist */,
			);
			name = "Supporting Files";
			sourceTree = "<group>";
		};
/* End PBXGroup section */

/* Begin PBXNativeTarget section */
		064CE17A1A91A48200BFA035 /* voip */ = {
			isa = PBXNativeTarget;
			buildConfigurationList = 064CE19A1A91A48200BFA035 /* Build configuration list for PBXNativeTarget "voip" */;
			buildPhases = (
				064CE1771A91A48200BFA035 /* Sources */,
				064CE1781A91A48200BFA035 /* Frameworks */,
				064CE1791A91A48200BFA035 /* Resources */,
			);
			buildRules = (
			);
			dependencies = (
			);
			name = voip;
			productName = voip;
			productReference = 064CE17B1A91A48200BFA035 /* voip.app */;
			productType = "com.apple.product-type.application";
		};
		064CE18F1A91A48200BFA035 /* voipTests */ = {
			isa = PBXNativeTarget;
			buildConfigurationList = 064CE19D1A91A48200BFA035 /* Build configuration list for PBXNativeTarget "voipTests" */;
			buildPhases = (
				064CE18C1A91A48200BFA035 /* Sources */,
				064CE18D1A91A48200BFA035 /* Frameworks */,
				064CE18E1A91A48200BFA035 /* Resources */,
			);
			buildRules = (
			);
			dependencies = (
				064CE1921A91A48200BFA035 /* PBXTargetDependency */,
			);
			name = voipTests;
			productName = voipTests;
			productReference = 064CE1901A91A48200BFA035 /* voipTests.xctest */;
			productType = "com.apple.product-type.bundle.unit-test";
		};
/* End PBXNativeTarget section */

/* Begin PBXProject section */
		064CE1731A91A48100BFA035 /* Project object */ = {
			isa = PBXProject;
			attributes = {
				LastUpgradeCheck = 0610;
				ORGANIZATIONNAME = "Pierre-Marc Airoldi";
				TargetAttributes = {
					064CE17A1A91A48200BFA035 = {
						CreatedOnToolsVersion = 6.1.1;
						DevelopmentTeam = W78ZZKUER7;
						SystemCapabilities = {
							com.apple.BackgroundModes = {
								enabled = 1;
							};
						};
					};
					064CE18F1A91A48200BFA035 = {
						CreatedOnToolsVersion = 6.1.1;
						TestTargetID = 064CE17A1A91A48200BFA035;
					};
				};
			};
			buildConfigurationList = 064CE1761A91A48100BFA035 /* Build configuration list for PBXProject "voip" */;
			compatibilityVersion = "Xcode 3.2";
			developmentRegion = English;
			hasScannedForEncodings = 0;
			knownRegions = (
				en,
				Base,
			);
			mainGroup = 064CE1721A91A48100BFA035;
			productRefGroup = 064CE17C1A91A48200BFA035 /* Products */;
			projectDirPath = "";
			projectRoot = "";
			targets = (
				064CE17A1A91A48200BFA035 /* voip */,
				064CE18F1A91A48200BFA035 /* voipTests */,
			);
		};
/* End PBXProject section */

/* Begin PBXResourcesBuildPhase section */
		064CE1791A91A48200BFA035 /* Resources */ = {
			isa = PBXResourcesBuildPhase;
			buildActionMask = 2147483647;
			files = (
				064CE1861A91A48200BFA035 /* Main.storyboard in Resources */,
				064CE18B1A91A48200BFA035 /* LaunchScreen.xib in Resources */,
				064CE1881A91A48200BFA035 /* Images.xcassets in Resources */,
			);
			runOnlyForDeploymentPostprocessing = 0;
		};
		064CE18E1A91A48200BFA035 /* Resources */ = {
			isa = PBXResourcesBuildPhase;
			buildActionMask = 2147483647;
			files = (
			);
			runOnlyForDeploymentPostprocessing = 0;
		};
/* End PBXResourcesBuildPhase section */

/* Begin PBXSourcesBuildPhase section */
		064CE1771A91A48200BFA035 /* Sources */ = {
			isa = PBXSourcesBuildPhase;
			buildActionMask = 2147483647;
			files = (
				064CE1831A91A48200BFA035 /* ViewController.swift in Sources */,
				064CE1811A91A48200BFA035 /* AppDelegate.swift in Sources */,
			);
			runOnlyForDeploymentPostprocessing = 0;
		};
		064CE18C1A91A48200BFA035 /* Sources */ = {
			isa = PBXSourcesBuildPhase;
			buildActionMask = 2147483647;
			files = (
				064CE1971A91A48200BFA035 /* voipTests.swift in Sources */,
			);
			runOnlyForDeploymentPostprocessing = 0;
		};
/* End PBXSourcesBuildPhase section */

/* Begin PBXTargetDependency section */
		064CE1921A91A48200BFA035 /* PBXTargetDependency */ = {
			isa = PBXTargetDependency;
			target = 064CE17A1A91A48200BFA035 /* voip */;
			targetProxy = 064CE1911A91A48200BFA035 /* PBXContainerItemProxy */;
		};
/* End PBXTargetDependency section */

/* Begin PBXVariantGroup section */
		064CE1841A91A48200BFA035 /* Main.storyboard */ = {
			isa = PBXVariantGroup;
			children = (
				064CE1851A91A48200BFA035 /* Base */,
			);
			name = Main.storyboard;
			sourceTree = "<group>";
		};
		064CE1891A91A48200BFA035 /* LaunchScreen.xib */ = {
			isa = PBXVariantGroup;
			children = (
				064CE18A1A91A48200BFA035 /* Base */,
			);
			name = LaunchScreen.xib;
			sourceTree = "<group>";
		};
/* End PBXVariantGroup section */

/* Begin XCBuildConfiguration section */
		064CE1981A91A48200BFA035 /* Debug */ = {
			isa = XCBuildConfiguration;
			buildSettings = {
				ALWAYS_SEARCH_USER_PATHS = NO;
				CLANG_CXX_LANGUAGE_STANDARD = "gnu++0x";
				CLANG_CXX_LIBRARY = "libc++";
				CLANG_ENABLE_MODULES = YES;
				CLANG_ENABLE_OBJC_ARC = YES;
				CLANG_WARN_BOOL_CONVERSION = YES;
				CLANG_WARN_CONSTANT_CONVERSION = YES;
				CLANG_WARN_DIRECT_OBJC_ISA_USAGE = YES_ERROR;
				CLANG_WARN_EMPTY_BODY = YES;
				CLANG_WARN_ENUM_CONVERSION = YES;
				CLANG_WARN_INT_CONVERSION = YES;
				CLANG_WARN_OBJC_ROOT_CLASS = YES_ERROR;
				CLANG_WARN_UNREACHABLE_CODE = YES;
				CLANG_WARN__DUPLICATE_METHOD_MATCH = YES;
				"CODE_SIGN_IDENTITY[sdk=iphoneos*]" = "iPhone Developer";
				COPY_PHASE_STRIP = NO;
				ENABLE_STRICT_OBJC_MSGSEND = YES;
				GCC_C_LANGUAGE_STANDARD = gnu99;
				GCC_DYNAMIC_NO_PIC = NO;
				GCC_OPTIMIZATION_LEVEL = 0;
				GCC_PREPROCESSOR_DEFINITIONS = (
					"DEBUG=1",
					"$(inherited)",
				);
				GCC_SYMBOLS_PRIVATE_EXTERN = NO;
				GCC_WARN_64_TO_32_BIT_CONVERSION = YES;
				GCC_WARN_ABOUT_RETURN_TYPE = YES_ERROR;
				GCC_WARN_UNDECLARED_SELECTOR = YES;
				GCC_WARN_UNINITIALIZED_AUTOS = YES_AGGRESSIVE;
				GCC_WARN_UNUSED_FUNCTION = YES;
				GCC_WARN_UNUSED_VARIABLE = YES;
				IPHONEOS_DEPLOYMENT_TARGET = 8.1;
				MTL_ENABLE_DEBUG_INFO = YES;
				ONLY_ACTIVE_ARCH = YES;
				SDKROOT = iphoneos;
				SWIFT_OPTIMIZATION_LEVEL = "-Onone";
				TARGETED_DEVICE_FAMILY = "1,2";
			};
			name = Debug;
		};
		064CE1991A91A48200BFA035 /* Release */ = {
			isa = XCBuildConfiguration;
			buildSettings = {
				ALWAYS_SEARCH_USER_PATHS = NO;
				CLANG_CXX_LANGUAGE_STANDARD = "gnu++0x";
				CLANG_CXX_LIBRARY = "libc++";
				CLANG_ENABLE_MODULES = YES;
				CLANG_ENABLE_OBJC_ARC = YES;
				CLANG_WARN_BOOL_CONVERSION = YES;
				CLANG_WARN_CONSTANT_CONVERSION = YES;
				CLANG_WARN_DIRECT_OBJC_ISA_USAGE = YES_ERROR;
				CLANG_WARN_EMPTY_BODY = YES;
				CLANG_WARN_ENUM_CONVERSION = YES;
				CLANG_WARN_INT_CONVERSION = YES;
				CLANG_WARN_OBJC_ROOT_CLASS = YES_ERROR;
				CLANG_WARN_UNREACHABLE_CODE = YES;
				CLANG_WARN__DUPLICATE_METHOD_MATCH = YES;
				"CODE_SIGN_IDENTITY[sdk=iphoneos*]" = "iPhone Developer";
				COPY_PHASE_STRIP = YES;
				ENABLE_NS_ASSERTIONS = NO;
				ENABLE_STRICT_OBJC_MSGSEND = YES;
				GCC_C_LANGUAGE_STANDARD = gnu99;
				GCC_WARN_64_TO_32_BIT_CONVERSION = YES;
				GCC_WARN_ABOUT_RETURN_TYPE = YES_ERROR;
				GCC_WARN_UNDECLARED_SELECTOR = YES;
				GCC_WARN_UNINITIALIZED_AUTOS = YES_AGGRESSIVE;
				GCC_WARN_UNUSED_FUNCTION = YES;
				GCC_WARN_UNUSED_VARIABLE = YES;
				IPHONEOS_DEPLOYMENT_TARGET = 8.1;
				MTL_ENABLE_DEBUG_INFO = NO;
				SDKROOT = iphoneos;
				TARGETED_DEVICE_FAMILY = "1,2";
				VALIDATE_PRODUCT = YES;
			};
			name = Release;
		};
		064CE19B1A91A48200BFA035 /* Debug */ = {
			isa = XCBuildConfiguration;
			buildSettings = {
				ASSETCATALOG_COMPILER_APPICON_NAME = AppIcon;
				CODE_SIGN_IDENTITY = "iPhone Developer";
				INFOPLIST_FILE = voip/Info.plist;
				LD_RUNPATH_SEARCH_PATHS = "$(inherited) @executable_path/Frameworks";
				PRODUCT_NAME = "$(TARGET_NAME)";
			};
			name = Debug;
		};
		064CE19C1A91A48200BFA035 /* Release */ = {
			isa = XCBuildConfiguration;
			buildSettings = {
				ASSETCATALOG_COMPILER_APPICON_NAME = AppIcon;
				CODE_SIGN_IDENTITY = "iPhone Distribution";
				INFOPLIST_FILE = voip/Info.plist;
				LD_RUNPATH_SEARCH_PATHS = "$(inherited) @executable_path/Frameworks";
				PRODUCT_NAME = "$(TARGET_NAME)";
			};
			name = Release;
		};
		064CE19E1A91A48200BFA035 /* Debug */ = {
			isa = XCBuildConfiguration;
			buildSettings = {
				BUNDLE_LOADER = "$(TEST_HOST)";
				FRAMEWORK_SEARCH_PATHS = (
					"$(SDKROOT)/Developer/Library/Frameworks",
					"$(inherited)",
				);
				GCC_PREPROCESSOR_DEFINITIONS = (
					"DEBUG=1",
					"$(inherited)",
				);
				INFOPLIST_FILE = voipTests/Info.plist;
				LD_RUNPATH_SEARCH_PATHS = "$(inherited) @executable_path/Frameworks @loader_path/Frameworks";
				PRODUCT_NAME = "$(TARGET_NAME)";
				TEST_HOST = "$(BUILT_PRODUCTS_DIR)/voip.app/voip";
			};
			name = Debug;
		};
		064CE19F1A91A48200BFA035 /* Release */ = {
			isa = XCBuildConfiguration;
			buildSettings = {
				BUNDLE_LOADER = "$(TEST_HOST)";
				FRAMEWORK_SEARCH_PATHS = (
					"$(SDKROOT)/Developer/Library/Frameworks",
					"$(inherited)",
				);
				INFOPLIST_FILE = voipTests/Info.plist;
				LD_RUNPATH_SEARCH_PATHS = "$(inherited) @executable_path/Frameworks @loader_path/Frameworks";
				PRODUCT_NAME = "$(TARGET_NAME)";
				TEST_HOST = "$(BUILT_PRODUCTS_DIR)/voip.app/voip";
			};
			name = Release;
		};
/* End XCBuildConfiguration section */

/* Begin XCConfigurationList section */
		064CE1761A91A48100BFA035 /* Build configuration list for PBXProject "voip" */ = {
			isa = XCConfigurationList;
			buildConfigurations = (
				064CE1981A91A48200BFA035 /* Debug */,
				064CE1991A91A48200BFA035 /* Release */,
			);
			defaultConfigurationIsVisible = 0;
			defaultConfigurationName = Release;
		};
		064CE19A1A91A48200BFA035 /* Build configuration list for PBXNativeTarget "voip" */ = {
			isa = XCConfigurationList;
			buildConfigurations = (
				064CE19B1A91A48200BFA035 /* Debug */,
				064CE19C1A91A48200BFA035 /* Release */,
			);
			defaultConfigurationIsVisible = 0;
			defaultConfigurationName = Release;
		};
		064CE19D1A91A48200BFA035 /* Build configuration list for PBXNativeTarget "voipTests" */ = {
			isa = XCConfigurationList;
			buildConfigurations = (
				064CE19E1A91A48200BFA035 /* Debug */,
				064CE19F1A91A48200BFA035 /* Release */,
			);
			defaultConfigurationIsVisible = 0;
			defaultConfigurationName = Release;
		};
/* End XCConfigurationList section */
	};
	rootObject = 064CE1731A91A48100BFA035 /* Project object */;
}
